
Microsoft Visual Studio Solution File, Format Version 12.00
# Visual Studio Express 2013 for Windows Desktop
VisualStudioVersion = 12.0.31101.0
MinimumVisualStudioVersion = 10.0.40219.1
Project("{8BC9CEB8-8B4A-11D0-8D11-00A0C91BC942}") = "WarGame", "WarGame\WarGame.vcxproj", "{DFFFBF31-6AA7-4EAB-B4C9-2268E049AB81}"
EndProject
Global
	GlobalSection(SolutionConfigurationPlatforms) = preSolution
		Debug|Win32 = Debug|Win32
		Release|Win32 = Release|Win32
	EndGlobalSection
	GlobalSection(ProjectConfigurationPlatforms) = postSolution
		{DFFFBF31-6AA7-4EAB-B4C9-2268E049AB81}.Debug|Win32.ActiveCfg = Debug|Win32
		{DFFFBF31-6AA7-4EAB-B4C9-2268E049AB81}.Debug|Win32.Build.0 = Debug|Win32
		{DFFFBF31-6AA7-4EAB-B4C9-2268E049AB81}.Release|Win32.ActiveCfg = Release|Win32
		{DFFFBF31-6AA7-4EAB-B4C9-2268E049AB81}.Release|Win32.Build.0 = Release|Win32
	EndGlobalSection
	GlobalSection(SolutionProperties) = preSolution
		HideSolutionNode = FALSE
	EndGlobalSection
EndGlobal
